{
	"name": "code-oss-dev",
	"version": "1.53.0",
	"lockfileVersion": 2,
	"requires": true,
	"packages": {
		"": {
			"name": "code-oss-dev",
			"version": "1.53.0",
			"bundleDependencies": [
				"yargs"
			],
			"license": "MIT",
			"workspaces": [
				"./packages/*"
			],
			"dependencies": {
				"yazl": "^2.4.3"
			},
			"devDependencies": {
				"yaserver": "^0.2.0"
			},
			"optionalDependencies": {
				"vscode-windows-ca-certs": "^0.3.0",
				"vscode-windows-registry": "1.0.3",
				"windows-foreground-love": "0.2.0",
				"windows-mutex": "0.3.0",
				"windows-process-tree": "0.2.4"
			},
			"peerDependencies": {
				"moment": "2.21.0"
			}
		},
		"node_modules/bindings": {
			"version": "1.5.0",
			"resolved": "https://registry.npmjs.org/bindings/-/bindings-1.5.0.tgz",
			"integrity": "sha512-p2q/t/mhvuOj/UeLlV6566GD/guowlr0hHxClI0W9m7MWYkL1F0hLo+0Aexs9HSPCtR1SXQ0TD3MMKrXZajbiQ==",
			"optional": true,
			"dependencies": {
				"file-uri-to-path": "1.0.0"
			}
		},
		"node_modules/buffer-crc32": {
			"version": "0.2.13",
			"resolved": "https://registry.npmjs.org/buffer-crc32/-/buffer-crc32-0.2.13.tgz",
			"integrity": "sha1-DTM+PwDqxQqhRUq9MO+MKl2ackI=",
			"engines": {
				"node": "*"
			}
		},
		"node_modules/dep-a": {
			"resolved": "packages/dep-a",
			"link": true
		},
		"node_modules/dep-b": {
			"resolved": "packages/dep-b",
			"link": true
		},
		"node_modules/file-uri-to-path": {
			"version": "1.0.0",
			"resolved": "https://registry.npmjs.org/file-uri-to-path/-/file-uri-to-path-1.0.0.tgz",
			"integrity": "sha512-0Zt+s3L7Vf1biwWZ29aARiVYLx7iMGnEUl9x33fbB/j3jR81u/O2LbqK+Bm1CDSNDKVtJ/YjwY7TUd5SkeLQLw==",
			"optional": true
		},
		"node_modules/moment": {
			"version": "2.21.0",
			"resolved": "https://registry.npmjs.org/moment/-/moment-2.21.0.tgz",
			"integrity": "sha512-TCZ36BjURTeFTM/CwRcViQlfkMvL1/vFISuNLO5GkcVm1+QHfbSiNqZuWeMFjj1/3+uAjXswgRk30j1kkLYJBQ==",
			"peer": true,
			"engines": {
				"node": "*"
			}
		},
		"node_modules/nan": {
			"version": "2.14.2",
			"resolved": "https://registry.npmjs.org/nan/-/nan-2.14.2.tgz",
			"integrity": "sha512-M2ufzIiINKCuDfBSAUr1vWQ+vuVcA9kqx8JJUsbQi6yf1uGRyb7HfpdfUr5qLXf3B/t8dPvcjhKMmlfnP47EzQ==",
			"optional": true
		},
		"node_modules/node-addon-api": {
			"version": "3.1.0",
			"resolved": "https://registry.npmjs.org/node-addon-api/-/node-addon-api-3.1.0.tgz",
			"integrity": "sha512-flmrDNB06LIl5lywUz7YlNGZH/5p0M7W28k8hzd9Lshtdh1wshD2Y+U4h9LD6KObOy1f+fEVdgprPrEymjM5uw==",
			"optional": true
		},
		"node_modules/numpy": {
			"version": "0.0.1",
			"resolved": "https://registry.npmjs.org/numpy/-/numpy-0.0.1.tgz",
			"integrity": "sha1-xrvUxJtFvVN/dooJySIKKQ3kFZg="
		},
		"node_modules/vscode-windows-ca-certs": {
			"version": "0.3.0",
			"resolved": "https://registry.npmjs.org/vscode-windows-ca-certs/-/vscode-windows-ca-certs-0.3.0.tgz",
			"integrity": "sha512-CYrpCEKmAFQJoZNReOrelNL+VKyebOVRCqL9evrBlVcpWQDliliJgU5RggGS8FPGtQ3jAKLQt9frF0qlxYYPKA==",
			"hasInstallScript": true,
			"optional": true,
			"os": [
				"win32"
			],
			"dependencies": {
				"node-addon-api": "^3.0.2"
			}
		},
		"node_modules/vscode-windows-registry": {
			"version": "1.0.3",
			"resolved": "https://registry.npmjs.org/vscode-windows-registry/-/vscode-windows-registry-1.0.3.tgz",
			"integrity": "sha512-IXCwNAm+H5yPCn6JBz89T9AAMgy5xEN2LxbxrvHPlErmyQqCYtpCCjvisfgT2dCuaJ2T9FfiqIeIrOpDm2Jc4Q==",
			"hasInstallScript": true,
			"optional": true,
			"os": [
				"win32"
			]
		},
		"node_modules/windows-foreground-love": {
			"version": "0.2.0",
			"resolved": "https://registry.npmjs.org/windows-foreground-love/-/windows-foreground-love-0.2.0.tgz",
			"integrity": "sha512-72ZDshnt8Q3/ImLMt4wxsY8eVnUd1KDb5QfvZX09AxJJJa0hGdyzPfd/ms0pKSYYwKlEhB1ri+WDKNvdIpJknQ==",
			"hasInstallScript": true,
			"optional": true,
			"os": [
				"win32"
			]
		},
		"node_modules/windows-mutex": {
			"version": "0.3.0",
			"resolved": "https://registry.npmjs.org/windows-mutex/-/windows-mutex-0.3.0.tgz",
			"integrity": "sha512-IDWzyHOEpQr7m590pT90jMbCYNe525d7BgP6F80TjispEu2gWMvTIoSuO6Sy4atIEhvs3ys7DVlKdLzIAyRviQ==",
			"hasInstallScript": true,
			"optional": true,
			"os": [
				"win32"
			],
			"dependencies": {
				"bindings": "^1.2.1",
				"nan": "^2.14.0"
			}
		},
		"node_modules/windows-process-tree": {
			"version": "0.2.4",
			"resolved": "https://registry.npmjs.org/windows-process-tree/-/windows-process-tree-0.2.4.tgz",
			"integrity": "sha512-9gag9AHm3Iin/4YC1EwoIfZlqW/rG2eV7rJZ4Fy5NnAMGdewmnwsie5Rz+CJo2vSolqzzfw7hPeu3oOdniNejg==",
			"hasInstallScript": true,
			"optional": true,
			"os": [
				"win32"
			],
			"dependencies": {
				"nan": "^2.13.2"
			}
		},
		"node_modules/yaserver": {
			"version": "0.2.0",
			"resolved": "https://registry.npmjs.org/yaserver/-/yaserver-0.2.0.tgz",
			"integrity": "sha512-onsELrl7Y42M4P3T9R0N/ZJNJRu4cGwzhDyOWIFRMJvPUIrGKInYGh+DJBefrbr1qoyDu7DSCLl9BL5hSSVfDA==",
			"dev": true,
			"bin": {
				"yaserver": "bin/yaserver"
			}
		},
		"node_modules/yazl": {
			"version": "2.5.1",
			"resolved": "https://registry.npmjs.org/yazl/-/yazl-2.5.1.tgz",
			"integrity": "sha512-phENi2PLiHnHb6QBVot+dJnaAZ0xosj7p3fWl+znIjBDlnMI2PsZCJZ306BPTFOaHf5qdDEI8x5qFrSOBN5vrw==",
			"dependencies": {
				"buffer-crc32": "~0.2.3"
			}
		},
		"packages/dep-a": {
			"version": "1.0.0",
			"dependencies": {
				"numpy": "^0.0.1"
			}
		},
		"packages/dep-b": {
			"version": "1.0.0",
			"dependencies": {
				"dep-a": "1.0.0"
			}
		}
	},
	"dependencies": {
		"bindings": {
			"version": "1.5.0",
			"resolved": "https://registry.npmjs.org/bindings/-/bindings-1.5.0.tgz",
			"integrity": "sha512-p2q/t/mhvuOj/UeLlV6566GD/guowlr0hHxClI0W9m7MWYkL1F0hLo+0Aexs9HSPCtR1SXQ0TD3MMKrXZajbiQ==",
			"optional": true,
			"requires": {
				"file-uri-to-path": "1.0.0"
			}
		},
		"buffer-crc32": {
			"version": "0.2.13",
			"resolved": "https://registry.npmjs.org/buffer-crc32/-/buffer-crc32-0.2.13.tgz",
			"integrity": "sha1-DTM+PwDqxQqhRUq9MO+MKl2ackI="
		},
		"dep-a": {
			"version": "file:packages/dep-a",
			"requires": {
				"numpy": "^0.0.1"
			}
		},
		"dep-b": {
			"version": "file:packages/dep-b",
			"requires": {
				"dep-a": "1.0.0"
			}
		},
		"file-uri-to-path": {
			"version": "1.0.0",
			"resolved": "https://registry.npmjs.org/file-uri-to-path/-/file-uri-to-path-1.0.0.tgz",
			"integrity": "sha512-0Zt+s3L7Vf1biwWZ29aARiVYLx7iMGnEUl9x33fbB/j3jR81u/O2LbqK+Bm1CDSNDKVtJ/YjwY7TUd5SkeLQLw==",
			"optional": true
		},
		"moment": {
			"version": "2.21.0",
			"resolved": "https://registry.npmjs.org/moment/-/moment-2.21.0.tgz",
			"integrity": "sha512-TCZ36BjURTeFTM/CwRcViQlfkMvL1/vFISuNLO5GkcVm1+QHfbSiNqZuWeMFjj1/3+uAjXswgRk30j1kkLYJBQ==",
			"peer": true
		},
		"nan": {
			"version": "2.14.2",
			"resolved": "https://registry.npmjs.org/nan/-/nan-2.14.2.tgz",
			"integrity": "sha512-M2ufzIiINKCuDfBSAUr1vWQ+vuVcA9kqx8JJUsbQi6yf1uGRyb7HfpdfUr5qLXf3B/t8dPvcjhKMmlfnP47EzQ==",
			"optional": true
		},
		"node-addon-api": {
			"version": "3.1.0",
			"resolved": "https://registry.npmjs.org/node-addon-api/-/node-addon-api-3.1.0.tgz",
			"integrity": "sha512-flmrDNB06LIl5lywUz7YlNGZH/5p0M7W28k8hzd9Lshtdh1wshD2Y+U4h9LD6KObOy1f+fEVdgprPrEymjM5uw==",
			"optional": true
		},
		"numpy": {
			"version": "0.0.1",
			"resolved": "https://registry.npmjs.org/numpy/-/numpy-0.0.1.tgz",
			"integrity": "sha1-xrvUxJtFvVN/dooJySIKKQ3kFZg="
		},
		"vscode-windows-ca-certs": {
			"version": "0.3.0",
			"resolved": "https://registry.npmjs.org/vscode-windows-ca-certs/-/vscode-windows-ca-certs-0.3.0.tgz",
			"integrity": "sha512-CYrpCEKmAFQJoZNReOrelNL+VKyebOVRCqL9evrBlVcpWQDliliJgU5RggGS8FPGtQ3jAKLQt9frF0qlxYYPKA==",
			"optional": true,
			"requires": {
				"node-addon-api": "^3.0.2"
			}
		},
		"vscode-windows-registry": {
			"version": "1.0.3",
			"resolved": "https://registry.npmjs.org/vscode-windows-registry/-/vscode-windows-registry-1.0.3.tgz",
			"integrity": "sha512-IXCwNAm+H5yPCn6JBz89T9AAMgy5xEN2LxbxrvHPlErmyQqCYtpCCjvisfgT2dCuaJ2T9FfiqIeIrOpDm2Jc4Q==",
			"optional": true
		},
		"windows-foreground-love": {
			"version": "0.2.0",
			"resolved": "https://registry.npmjs.org/windows-foreground-love/-/windows-foreground-love-0.2.0.tgz",
			"integrity": "sha512-72ZDshnt8Q3/ImLMt4wxsY8eVnUd1KDb5QfvZX09AxJJJa0hGdyzPfd/ms0pKSYYwKlEhB1ri+WDKNvdIpJknQ==",
			"optional": true
		},
		"windows-mutex": {
			"version": "0.3.0",
			"resolved": "https://registry.npmjs.org/windows-mutex/-/windows-mutex-0.3.0.tgz",
			"integrity": "sha512-IDWzyHOEpQr7m590pT90jMbCYNe525d7BgP6F80TjispEu2gWMvTIoSuO6Sy4atIEhvs3ys7DVlKdLzIAyRviQ==",
			"optional": true,
			"requires": {
				"bindings": "^1.2.1",
				"nan": "^2.14.0"
			}
		},
		"windows-process-tree": {
			"version": "0.2.4",
			"resolved": "https://registry.npmjs.org/windows-process-tree/-/windows-process-tree-0.2.4.tgz",
			"integrity": "sha512-9gag9AHm3Iin/4YC1EwoIfZlqW/rG2eV7rJZ4Fy5NnAMGdewmnwsie5Rz+CJo2vSolqzzfw7hPeu3oOdniNejg==",
			"optional": true,
			"requires": {
				"nan": "^2.13.2"
			}
		},
		"yaserver": {
			"version": "0.2.0",
			"resolved": "https://registry.npmjs.org/yaserver/-/yaserver-0.2.0.tgz",
			"integrity": "sha512-onsELrl7Y42M4P3T9R0N/ZJNJRu4cGwzhDyOWIFRMJvPUIrGKInYGh+DJBefrbr1qoyDu7DSCLl9BL5hSSVfDA==",
			"dev": true
		},
		"yazl": {
			"version": "2.5.1",
			"resolved": "https://registry.npmjs.org/yazl/-/yazl-2.5.1.tgz",
			"integrity": "sha512-phENi2PLiHnHb6QBVot+dJnaAZ0xosj7p3fWl+znIjBDlnMI2PsZCJZ306BPTFOaHf5qdDEI8x5qFrSOBN5vrw==",
			"requires": {
				"buffer-crc32": "~0.2.3"
			}
		}
	}
}
