{
  "name": "npm-workspaces-demo",
  "version": "1.0.0",
  "lockfileVersion": 2,
  "requires": true,
  "packages": {
    "": {
      "name": "npm-workspaces-demo",
      "version": "1.0.0",
      "license": "MIT",
      "workspaces": [
        "./packages/package-a",
        "./packages/package-b"
      ]
    },
    "node_modules/package-a": {
      "resolved": "packages/package-a",
      "link": true
    },
    "node_modules/package-b": {
      "resolved": "packages/package-b",
      "link": true
    },
    "node_modules/q": {
      "version": "1.5.1",
      "resolved": "https://registry.npmjs.org/q/-/q-1.5.1.tgz",
      "integrity": "sha1-fjL3W0E4EpHQRhHxvxQQmsAGUdc=",
      "engines": {
        "node": ">=0.6.0",
        "teleport": ">=0.2.0"
      }
    },
    "node_modules/shadowizardy": {
      "version": "1.0.0",
      "resolved": "https://registry.npmjs.org/shadowizardy/-/shadowizardy-1.0.0.tgz",
      "integrity": "sha512-YyoVxgRfm+g4SZv5IW0f1PepuYCuP59vOsW3NLOxin7o8w7Yn/MCDGWRvhbtJGG2k6gqXcPNy8F7hCqG/qMBFg=="
    },
    "packages/package-a": {
      "version": "1.0.0",
      "dependencies": {
        "q": "^1.5.1"
      }
    },
    "packages/package-b": {
      "version": "1.0.0",
      "dependencies": {
        "package-a": "1.0.0",
        "shadowizardy": "^1.0.0"
      }
    }
  },
  "dependencies": {
    "package-a": {
      "version": "file:packages/package-a",
      "requires": {
        "q": "^1.5.1"
      }
    },
    "package-b": {
      "version": "file:packages/package-b",
      "requires": {
        "package-a": "1.0.0",
        "shadowizardy": "^1.0.0"
      }
    },
    "q": {
      "version": "1.5.1",
      "resolved": "https://registry.npmjs.org/q/-/q-1.5.1.tgz",
      "integrity": "sha1-fjL3W0E4EpHQRhHxvxQQmsAGUdc="
    },
    "shadowizardy": {
      "version": "1.0.0",
      "resolved": "https://registry.npmjs.org/shadowizardy/-/shadowizardy-1.0.0.tgz",
      "integrity": "sha512-YyoVxgRfm+g4SZv5IW0f1PepuYCuP59vOsW3NLOxin7o8w7Yn/MCDGWRvhbtJGG2k6gqXcPNy8F7hCqG/qMBFg=="
    }
  }
}
